// !$*UTF8*$!
{
	archiveVersion = 1;
	classes = {
	};
	objectVersion = 56;
	objects = {

/* Begin PBXBuildFile section */
		C1E9CB282F1339340033CF58 /* colorApp.swift in Sources */ = {isa = PBXBuildFile; fileRef = C1E9CB272F1339340033CF58 /* colorApp.swift */; };
		C1E9CB2A2F1339340033CF58 /* ContentView.swift in Sources */ = {isa = PBXBuildFile; fileRef = C1E9CB292F1339340033CF58 /* ContentView.swift */; };
		C1E9CB2C2F1339390033CF58 /* Assets.xcassets in Resources */ = {isa = PBXBuildFile; fileRef = C1E9CB2B2F1339390033CF58 /* Assets.xcassets */; };
		C1E9CB2F2F1339390033CF58 /* Preview Assets.xcassets in Resources */ = {isa = PBXBuildFile; fileRef = C1E9CB2E2F1339390033CF58 /* Preview Assets.xcassets */; };
		C1E9CB392F13393A0033CF58 /* colorTests.swift in Sources */ = {isa = PBXBuildFile; fileRef = C1E9CB382F13393A0033CF58 /* colorTests.swift */; };
		C1E9CB432F13393A0033CF58 /* colorUITests.swift in Sources */ = {isa = PBXBuildFile; fileRef = C1E9CB422F13393A0033CF58 /* colorUITests.swift */; };
		C1E9CB452F13393A0033CF58 /* colorUITestsLaunchTests.swift in Sources */ = {isa = PBXBuildFile; fileRef = C1E9CB442F13393A0033CF58 /* colorUITestsLaunchTests.swift */; };
/* End PBXBuildFile section */

/* Begin PBXContainerItemProxy section */
		C1E9CB352F13393A0033CF58 /* PBXContainerItemProxy */ = {
			isa = PBXContainerItemProxy;
			containerPortal = C1E9CB1C2F1339340033CF58 /* Project object */;
			proxyType = 1;
			remoteGlobalIDString = C1E9CB232F1339340033CF58;
			remoteInfo = color;
		};
		C1E9CB3F2F13393A0033CF58 /* PBXContainerItemProxy */ = {
			isa = PBXContainerItemProxy;
			containerPortal = C1E9CB1C2F1339340033CF58 /* Project object */;
			proxyType = 1;
			remoteGlobalIDString = C1E9CB232F1339340033CF58;
			remoteInfo = color;
		};
/* End PBXContainerItemProxy section */

/* Begin PBXFileReference section */
		C1E9CB242F1339340033CF58 /* color.app */ = {isa = PBXFileReference; explicitFileType = wrapper.application; includeInIndex = 0; path = color.app; sourceTree = BUILT_PRODUCTS_DIR; };
		C1E9CB272F1339340033CF58 /* colorApp.swift */ = {isa = PBXFileReference; lastKnownFileType = sourcecode.swift; path = colorApp.swift; sourceTree = "<group>"; };
		C1E9CB292F1339340033CF58 /* ContentView.swift */ = {isa = PBXFileReference; lastKnownFileType = sourcecode.swift; path = ContentView.swift; sourceTree = "<group>"; };
		C1E9CB2B2F1339390033CF58 /* Assets.xcassets */ = {isa = PBXFileReference; lastKnownFileType = folder.assetcatalog; path = Assets.xcassets; sourceTree = "<group>"; };
		C1E9CB2E2F1339390033CF58 /* Preview Assets.xcassets */ = {isa = PBXFileReference; lastKnownFileType = folder.assetcatalog; path = "Preview Assets.xcassets"; sourceTree = "<group>"; };
		C1E9CB342F13393A0033CF58 /* colorTests.xctest */ = {isa = PBXFileReference; explicitFileType = wrapper.cfbundle; includeInIndex = 0; path = colorTests.xctest; sourceTree = BUILT_PRODUCTS_DIR; };
		C1E9CB382F13393A0033CF58 /* colorTests.swift */ = {isa = PBXFileReference; lastKnownFileType = sourcecode.swift; path = colorTests.swift; sourceTree = "<group>"; };
		C1E9CB3E2F13393A0033CF58 /* colorUITests.xctest */ = {isa = PBXFileReference; explicitFileType = wrapper.cfbundle; includeInIndex = 0; path = colorUITests.xctest; sourceTree = BUILT_PRODUCTS_DIR; };
		C1E9CB422F13393A0033CF58 /* colorUITests.swift */ = {isa = PBXFileReference; lastKnownFileType = sourcecode.swift; path = colorUITests.swift; sourceTree = "<group>"; };
		C1E9CB442F13393A0033CF58 /* colorUITestsLaunchTests.swift */ = {isa = PBXFileReference; lastKnownFileType = sourcecode.swift; path = colorUITestsLaunchTests.swift; sourceTree = "<group>"; };
/* End PBXFileReference section */

/* Begin PBXFrameworksBuildPhase section */
		C1E9CB212F1339340033CF58 /* Frameworks */ = {
			isa = PBXFrameworksBuildPhase;
			buildActionMask = 2147483647;
			files = (
			);
			runOnlyForDeploymentPostprocessing = 0;
		};
		C1E9CB312F13393A0033CF58 /* Frameworks */ = {
			isa = PBXFrameworksBuildPhase;
			buildActionMask = 2147483647;
			files = (
			);
			runOnlyForDeploymentPostprocessing = 0;
		};
		C1E9CB3B2F13393A0033CF58 /* Frameworks */ = {
			isa = PBXFrameworksBuildPhase;
			buildActionMask = 2147483647;
			files = (
			);
			runOnlyForDeploymentPostprocessing = 0;
		};
/* End PBXFrameworksBuildPhase section */

/* Begin PBXGroup section */
		C1E9CB1B2F1339340033CF58 = {
			isa = PBXGroup;
			children = (
				C1E9CB262F1339340033CF58 /* color */,
				C1E9CB372F13393A0033CF58 /* colorTests */,
				C1E9CB412F13393A0033CF58 /* colorUITests */,
				C1E9CB252F1339340033CF58 /* Products */,
			);
			sourceTree = "<group>";
		};
		C1E9CB252F1339340033CF58 /* Products */ = {
			isa = PBXGroup;
			children = (
				C1E9CB242F1339340033CF58 /* color.app */,
				C1E9CB342F13393A0033CF58 /* colorTests.xctest */,
				C1E9CB3E2F13393A0033CF58 /* colorUITests.xctest */,
			);
			name = Products;
			sourceTree = "<group>";
		};
		C1E9CB262F1339340033CF58 /* color */ = {
			isa = PBXGroup;
			children = (
				C1E9CB272F1339340033CF58 /* colorApp.swift */,
				C1E9CB292F1339340033CF58 /* ContentView.swift */,
				C1E9CB2B2F1339390033CF58 /* Assets.xcassets */,
				C1E9CB2D2F1339390033CF58 /* Preview Content */,
			);
			path = color;
			sourceTree = "<group>";
		};
		C1E9CB2D2F1339390033CF58 /* Preview Content */ = {
			isa = PBXGroup;
			children = (
				C1E9CB2E2F1339390033CF58 /* Preview Assets.xcassets */,
			);
			path = "Preview Content";
			sourceTree = "<group>";
		};
		C1E9CB372F13393A0033CF58 /* colorTests */ = {
			isa = PBXGroup;
			children = (
				C1E9CB382F13393A0033CF58 /* colorTests.swift */,
			);
			path = colorTests;
			sourceTree = "<group>";
		};
		C1E9CB412F13393A0033CF58 /* colorUITests */ = {
			isa = PBXGroup;
			children = (
				C1E9CB422F13393A0033CF58 /* colorUITests.swift */,
				C1E9CB442F13393A0033CF58 /* colorUITestsLaunchTests.swift */,
			);
			path = colorUITests;
			sourceTree = "<group>";
		};
/* End PBXGroup section */

/* Begin PBXNativeTarget section */
		C1E9CB232F1339340033CF58 /* color */ = {
			isa = PBXNativeTarget;
			buildConfigurationList = C1E9CB482F13393A0033CF58 /* Build configuration list for PBXNativeTarget "color" */;
			buildPhases = (
				C1E9CB202F1339340033CF58 /* Sources */,
				C1E9CB212F1339340033CF58 /* Frameworks */,
				C1E9CB222F1339340033CF58 /* Resources */,
			);
			buildRules = (
			);
			dependencies = (
			);
			name = color;
			productName = color;
			productReference = C1E9CB242F1339340033CF58 /* color.app */;
			productType = "com.apple.product-type.application";
		};
		C1E9CB332F13393A0033CF58 /* colorTests */ = {
			isa = PBXNativeTarget;
			buildConfigurationList = C1E9CB4B2F13393A0033CF58 /* Build configuration list for PBXNativeTarget "colorTests" */;
			buildPhases = (
				C1E9CB302F13393A0033CF58 /* Sources */,
				C1E9CB312F13393A0033CF58 /* Frameworks */,
				C1E9CB322F13393A0033CF58 /* Resources */,
			);
			buildRules = (
			);
			dependencies = (
				C1E9CB362F13393A0033CF58 /* PBXTargetDependency */,
			);
			name = colorTests;
			productName = colorTests;
			productReference = C1E9CB342F13393A0033CF58 /* colorTests.xctest */;
			productType = "com.apple.product-type.bundle.unit-test";
		};
		C1E9CB3D2F13393A0033CF58 /* colorUITests */ = {
			isa = PBXNativeTarget;
			buildConfigurationList = C1E9CB4E2F13393A0033CF58 /* Build configuration list for PBXNativeTarget "colorUITests" */;
			buildPhases = (
				C1E9CB3A2F13393A0033CF58 /* Sources */,
				C1E9CB3B2F13393A0033CF58 /* Frameworks */,
				C1E9CB3C2F13393A0033CF58 /* Resources */,
			);
			buildRules = (
			);
			dependencies = (
				C1E9CB402F13393A0033CF58 /* PBXTargetDependency */,
			);
			name = colorUITests;
			productName = colorUITests;
			productReference = C1E9CB3E2F13393A0033CF58 /* colorUITests.xctest */;
			productType = "com.apple.product-type.bundle.ui-testing";
		};
/* End PBXNativeTarget section */

/* Begin PBXProject section */
		C1E9CB1C2F1339340033CF58 /* Project object */ = {
			isa = PBXProject;
			attributes = {
				BuildIndependentTargetsInParallel = 1;
				LastSwiftUpdateCheck = 1540;
				LastUpgradeCheck = 1540;
				TargetAttributes = {
					C1E9CB232F1339340033CF58 = {
						CreatedOnToolsVersion = 15.4;
					};
					C1E9CB332F13393A0033CF58 = {
						CreatedOnToolsVersion = 15.4;
						TestTargetID = C1E9CB232F1339340033CF58;
					};
					C1E9CB3D2F13393A0033CF58 = {
						CreatedOnToolsVersion = 15.4;
						TestTargetID = C1E9CB232F1339340033CF58;
					};
				};
			};
			buildConfigurationList = C1E9CB1F2F1339340033CF58 /* Build configuration list for PBXProject "color" */;
			compatibilityVersion = "Xcode 14.0";
			developmentRegion = en;
			hasScannedForEncodings = 0;
			knownRegions = (
				en,
				Base,
			);
			mainGroup = C1E9CB1B2F1339340033CF58;
			productRefGroup = C1E9CB252F1339340033CF58 /* Products */;
			projectDirPath = "";
			projectRoot = "";
			targets = (
				C1E9CB232F1339340033CF58 /* color */,
				C1E9CB332F13393A0033CF58 /* colorTests */,
				C1E9CB3D2F13393A0033CF58 /* colorUITests */,
			);
		};
/* End PBXProject section */

/* Begin PBXResourcesBuildPhase section */
		C1E9CB222F1339340033CF58 /* Resources */ = {
			isa = PBXResourcesBuildPhase;
			buildActionMask = 2147483647;
			files = (
				C1E9CB2F2F1339390033CF58 /* Preview Assets.xcassets in Resources */,
				C1E9CB2C2F1339390033CF58 /* Assets.xcassets in Resources */,
			);
			runOnlyForDeploymentPostprocessing = 0;
		};
		C1E9CB322F13393A0033CF58 /* Resources */ = {
			isa = PBXResourcesBuildPhase;
			buildActionMask = 2147483647;
			files = (
			);
			runOnlyForDeploymentPostprocessing = 0;
		};
		C1E9CB3C2F13393A0033CF58 /* Resources */ = {
			isa = PBXResourcesBuildPhase;
			buildActionMask = 2147483647;
			files = (
			);
			runOnlyForDeploymentPostprocessing = 0;
		};
/* End PBXResourcesBuildPhase section */

/* Begin PBXSourcesBuildPhase section */
		C1E9CB202F1339340033CF58 /* Sources */ = {
			isa = PBXSourcesBuildPhase;
			buildActionMask = 2147483647;
			files = (
				C1E9CB2A2F1339340033CF58 /* ContentView.swift in Sources */,
				C1E9CB282F1339340033CF58 /* colorApp.swift in Sources */,
			);
			runOnlyForDeploymentPostprocessing = 0;
		};
		C1E9CB302F13393A0033CF58 /* Sources */ = {
			isa = PBXSourcesBuildPhase;
			buildActionMask = 2147483647;
			files = (
				C1E9CB392F13393A0033CF58 /* colorTests.swift in Sources */,
			);
			runOnlyForDeploymentPostprocessing = 0;
		};
		C1E9CB3A2F13393A0033CF58 /* Sources */ = {
			isa = PBXSourcesBuildPhase;
			buildActionMask = 2147483647;
			files = (
				C1E9CB452F13393A0033CF58 /* colorUITestsLaunchTests.swift in Sources */,
				C1E9CB432F13393A0033CF58 /* colorUITests.swift in Sources */,
			);
			runOnlyForDeploymentPostprocessing = 0;
		};
/* End PBXSourcesBuildPhase section */

/* Begin PBXTargetDependency section */
		C1E9CB362F13393A0033CF58 /* PBXTargetDependency */ = {
			isa = PBXTargetDependency;
			target = C1E9CB232F1339340033CF58 /* color */;
			targetProxy = C1E9CB352F13393A0033CF58 /* PBXContainerItemProxy */;
		};
		C1E9CB402F13393A0033CF58 /* PBXTargetDependency */ = {
			isa = PBXTargetDependency;
			target = C1E9CB232F1339340033CF58 /* color */;
			targetProxy = C1E9CB3F2F13393A0033CF58 /* PBXContainerItemProxy */;
		};
/* End PBXTargetDependency section */

/* Begin XCBuildConfiguration section */
		C1E9CB462F13393A0033CF58 /* Debug */ = {
			isa = XCBuildConfiguration;
			buildSettings = {
				ALWAYS_SEARCH_USER_PATHS = NO;
				ASSETCATALOG_COMPILER_GENERATE_SWIFT_ASSET_SYMBOL_EXTENSIONS = YES;
				CLANG_ANALYZER_NONNULL = YES;
				CLANG_ANALYZER_NUMBER_OBJECT_CONVERSION = YES_AGGRESSIVE;
				CLANG_CXX_LANGUAGE_STANDARD = "gnu++20";
				CLANG_ENABLE_MODULES = YES;
				CLANG_ENABLE_OBJC_ARC = YES;
				CLANG_ENABLE_OBJC_WEAK = YES;
				CLANG_WARN_BLOCK_CAPTURE_AUTORELEASING = YES;
				CLANG_WARN_BOOL_CONVERSION = YES;
				CLANG_WARN_COMMA = YES;
				CLANG_WARN_CONSTANT_CONVERSION = YES;
				CLANG_WARN_DEPRECATED_OBJC_IMPLEMENTATIONS = YES;
				CLANG_WARN_DIRECT_OBJC_ISA_USAGE = YES_ERROR;
				CLANG_WARN_DOCUMENTATION_COMMENTS = YES;
				CLANG_WARN_EMPTY_BODY = YES;
				CLANG_WARN_ENUM_CONVERSION = YES;
				CLANG_WARN_INFINITE_RECURSION = YES;
				CLANG_WARN_INT_CONVERSION = YES;
				CLANG_WARN_NON_LITERAL_NULL_CONVERSION = YES;
				CLANG_WARN_OBJC_IMPLICIT_RETAIN_SELF = YES;
				CLANG_WARN_OBJC_LITERAL_CONVERSION = YES;
				CLANG_WARN_OBJC_ROOT_CLASS = YES_ERROR;
				CLANG_WARN_QUOTED_INCLUDE_IN_FRAMEWORK_HEADER = YES;
				CLANG_WARN_RANGE_LOOP_ANALYSIS = YES;
				CLANG_WARN_STRICT_PROTOTYPES = YES;
				CLANG_WARN_SUSPICIOUS_MOVE = YES;
				CLANG_WARN_UNGUARDED_AVAILABILITY = YES_AGGRESSIVE;
				CLANG_WARN_UNREACHABLE_CODE = YES;
				CLANG_WARN__DUPLICATE_METHOD_MATCH = YES;
				COPY_PHASE_STRIP = NO;
				DEBUG_INFORMATION_FORMAT = dwarf;
				ENABLE_STRICT_OBJC_MSGSEND = YES;
				ENABLE_TESTABILITY = YES;
				ENABLE_USER_SCRIPT_SANDBOXING = YES;
				GCC_C_LANGUAGE_STANDARD = gnu17;
				GCC_DYNAMIC_NO_PIC = NO;
				GCC_NO_COMMON_BLOCKS = YES;
				GCC_OPTIMIZATION_LEVEL = 0;
				GCC_PREPROCESSOR_DEFINITIONS = (
					"DEBUG=1",
					"$(inherited)",
				);
				GCC_WARN_64_TO_32_BIT_CONVERSION = YES;
				GCC_WARN_ABOUT_RETURN_TYPE = YES_ERROR;
				GCC_WARN_UNDECLARED_SELECTOR = YES;
				GCC_WARN_UNINITIALIZED_AUTOS = YES_AGGRESSIVE;
				GCC_WARN_UNUSED_FUNCTION = YES;
				GCC_WARN_UNUSED_VARIABLE = YES;
				IPHONEOS_DEPLOYMENT_TARGET = 17.5;
				LOCALIZATION_PREFERS_STRING_CATALOGS = YES;
				MTL_ENABLE_DEBUG_INFO = INCLUDE_SOURCE;
				MTL_FAST_MATH = YES;
				ONLY_ACTIVE_ARCH = YES;
				SDKROOT = iphoneos;
				SWIFT_ACTIVE_COMPILATION_CONDITIONS = "DEBUG $(inherited)";
				SWIFT_OPTIMIZATION_LEVEL = "-Onone";
			};
			name = Debug;
		};
		C1E9CB472F13393A0033CF58 /* Release */ = {
			isa = XCBuildConfiguration;
			buildSettings = {
				ALWAYS_SEARCH_USER_PATHS = NO;
				ASSETCATALOG_COMPILER_GENERATE_SWIFT_ASSET_SYMBOL_EXTENSIONS = YES;
				CLANG_ANALYZER_NONNULL = YES;
				CLANG_ANALYZER_NUMBER_OBJECT_CONVERSION = YES_AGGRESSIVE;
				CLANG_CXX_LANGUAGE_STANDARD = "gnu++20";
				CLANG_ENABLE_MODULES = YES;
				CLANG_ENABLE_OBJC_ARC = YES;
				CLANG_ENABLE_OBJC_WEAK = YES;
				CLANG_WARN_BLOCK_CAPTURE_AUTORELEASING = YES;
				CLANG_WARN_BOOL_CONVERSION = YES;
				CLANG_WARN_COMMA = YES;
				CLANG_WARN_CONSTANT_CONVERSION = YES;
				CLANG_WARN_DEPRECATED_OBJC_IMPLEMENTATIONS = YES;
				CLANG_WARN_DIRECT_OBJC_ISA_USAGE = YES_ERROR;
				CLANG_WARN_DOCUMENTATION_COMMENTS = YES;
				CLANG_WARN_EMPTY_BODY = YES;
				CLANG_WARN_ENUM_CONVERSION = YES;
				CLANG_WARN_INFINITE_RECURSION = YES;
				CLANG_WARN_INT_CONVERSION = YES;
				CLANG_WARN_NON_LITERAL_NULL_CONVERSION = YES;
				CLANG_WARN_OBJC_IMPLICIT_RETAIN_SELF = YES;
				CLANG_WARN_OBJC_LITERAL_CONVERSION = YES;
				CLANG_WARN_OBJC_ROOT_CLASS = YES_ERROR;
				CLANG_WARN_QUOTED_INCLUDE_IN_FRAMEWORK_HEADER = YES;
				CLANG_WARN_RANGE_LOOP_ANALYSIS = YES;
				CLANG_WARN_STRICT_PROTOTYPES = YES;
				CLANG_WARN_SUSPICIOUS_MOVE = YES;
				CLANG_WARN_UNGUARDED_AVAILABILITY = YES_AGGRESSIVE;
				CLANG_WARN_UNREACHABLE_CODE = YES;
				CLANG_WARN__DUPLICATE_METHOD_MATCH = YES;
				COPY_PHASE_STRIP = NO;
				DEBUG_INFORMATION_FORMAT = "dwarf-with-dsym";
				ENABLE_NS_ASSERTIONS = NO;
				ENABLE_STRICT_OBJC_MSGSEND = YES;
				ENABLE_USER_SCRIPT_SANDBOXING = YES;
				GCC_C_LANGUAGE_STANDARD = gnu17;
				GCC_NO_COMMON_BLOCKS = YES;
				GCC_WARN_64_TO_32_BIT_CONVERSION = YES;
				GCC_WARN_ABOUT_RETURN_TYPE = YES_ERROR;
				GCC_WARN_UNDECLARED_SELECTOR = YES;
				GCC_WARN_UNINITIALIZED_AUTOS = YES_AGGRESSIVE;
				GCC_WARN_UNUSED_FUNCTION = YES;
				GCC_WARN_UNUSED_VARIABLE = YES;
				IPHONEOS_DEPLOYMENT_TARGET = 17.5;
				LOCALIZATION_PREFERS_STRING_CATALOGS = YES;
				MTL_ENABLE_DEBUG_INFO = NO;
				MTL_FAST_MATH = YES;
				SDKROOT = iphoneos;
				SWIFT_COMPILATION_MODE = wholemodule;
				VALIDATE_PRODUCT = YES;
			};
			name = Release;
		};
		C1E9CB492F13393A0033CF58 /* Debug */ = {
			isa = XCBuildConfiguration;
			buildSettings = {
				ASSETCATALOG_COMPILER_APPICON_NAME = AppIcon;
				ASSETCATALOG_COMPILER_GLOBAL_ACCENT_COLOR_NAME = AccentColor;
				CODE_SIGN_STYLE = Automatic;
				CURRENT_PROJECT_VERSION = 1;
				DEVELOPMENT_ASSET_PATHS = "\"color/Preview Content\"";
				ENABLE_PREVIEWS = YES;
				GENERATE_INFOPLIST_FILE = YES;
				INFOPLIST_KEY_UIApplicationSceneManifest_Generation = YES;
				INFOPLIST_KEY_UIApplicationSupportsIndirectInputEvents = YES;
				INFOPLIST_KEY_UILaunchScreen_Generation = YES;
				INFOPLIST_KEY_UISupportedInterfaceOrientations_iPad = "UIInterfaceOrientationPortrait UIInterfaceOrientationPortraitUpsideDown UIInterfaceOrientationLandscapeLeft UIInterfaceOrientationLandscapeRight";
				INFOPLIST_KEY_UISupportedInterfaceOrientations_iPhone = "UIInterfaceOrientationPortrait UIInterfaceOrientationLandscapeLeft UIInterfaceOrientationLandscapeRight";
				LD_RUNPATH_SEARCH_PATHS = (
					"$(inherited)",
					"@executable_path/Frameworks",
				);
				MARKETING_VERSION = 1.0;
				PRODUCT_BUNDLE_IDENTIFIER = com.primortex.color;
				PRODUCT_NAME = "$(TARGET_NAME)";
				SWIFT_EMIT_LOC_STRINGS = YES;
				SWIFT_VERSION = 5.0;
				TARGETED_DEVICE_FAMILY = "1,2";
			};
			name = Debug;
		};
		C1E9CB4A2F13393A0033CF58 /* Release */ = {
			isa = XCBuildConfiguration;
			buildSettings = {
				ASSETCATALOG_COMPILER_APPICON_NAME = AppIcon;
				ASSETCATALOG_COMPILER_GLOBAL_ACCENT_COLOR_NAME = AccentColor;
				CODE_SIGN_STYLE = Automatic;
				CURRENT_PROJECT_VERSION = 1;
				DEVELOPMENT_ASSET_PATHS = "\"color/Preview Content\"";
				ENABLE_PREVIEWS = YES;
				GENERATE_INFOPLIST_FILE = YES;
				INFOPLIST_KEY_UIApplicationSceneManifest_Generation = YES;
				INFOPLIST_KEY_UIApplicationSupportsIndirectInputEvents = YES;
				INFOPLIST_KEY_UILaunchScreen_Generation = YES;
				INFOPLIST_KEY_UISupportedInterfaceOrientations_iPad = "UIInterfaceOrientationPortrait UIInterfaceOrientationPortraitUpsideDown UIInterfaceOrientationLandscapeLeft UIInterfaceOrientationLandscapeRight";
				INFOPLIST_KEY_UISupportedInterfaceOrientations_iPhone = "UIInterfaceOrientationPortrait UIInterfaceOrientationLandscapeLeft UIInterfaceOrientationLandscapeRight";
				LD_RUNPATH_SEARCH_PATHS = (
					"$(inherited)",
					"@executable_path/Frameworks",
				);
				MARKETING_VERSION = 1.0;
				PRODUCT_BUNDLE_IDENTIFIER = com.primortex.color;
				PRODUCT_NAME = "$(TARGET_NAME)";
				SWIFT_EMIT_LOC_STRINGS = YES;
				SWIFT_VERSION = 5.0;
				TARGETED_DEVICE_FAMILY = "1,2";
			};
			name = Release;
		};
		C1E9CB4C2F13393A0033CF58 /* Debug */ = {
			isa = XCBuildConfiguration;
			buildSettings = {
				ALWAYS_EMBED_SWIFT_STANDARD_LIBRARIES = YES;
				BUNDLE_LOADER = "$(TEST_HOST)";
				CODE_SIGN_STYLE = Automatic;
				CURRENT_PROJECT_VERSION = 1;
				GENERATE_INFOPLIST_FILE = YES;
				IPHONEOS_DEPLOYMENT_TARGET = 17.5;
				MARKETING_VERSION = 1.0;
				PRODUCT_BUNDLE_IDENTIFIER = com.primortex.colorTests;
				PRODUCT_NAME = "$(TARGET_NAME)";
				SWIFT_EMIT_LOC_STRINGS = NO;
				SWIFT_VERSION = 5.0;
				TARGETED_DEVICE_FAMILY = "1,2";
				TEST_HOST = "$(BUILT_PRODUCTS_DIR)/color.app/$(BUNDLE_EXECUTABLE_FOLDER_PATH)/color";
			};
			name = Debug;
		};
		C1E9CB4D2F13393A0033CF58 /* Release */ = {
			isa = XCBuildConfiguration;
			buildSettings = {
				ALWAYS_EMBED_SWIFT_STANDARD_LIBRARIES = YES;
				BUNDLE_LOADER = "$(TEST_HOST)";
				CODE_SIGN_STYLE = Automatic;
				CURRENT_PROJECT_VERSION = 1;
				GENERATE_INFOPLIST_FILE = YES;
				IPHONEOS_DEPLOYMENT_TARGET = 17.5;
				MARKETING_VERSION = 1.0;
				PRODUCT_BUNDLE_IDENTIFIER = com.primortex.colorTests;
				PRODUCT_NAME = "$(TARGET_NAME)";
				SWIFT_EMIT_LOC_STRINGS = NO;
				SWIFT_VERSION = 5.0;
				TARGETED_DEVICE_FAMILY = "1,2";
				TEST_HOST = "$(BUILT_PRODUCTS_DIR)/color.app/$(BUNDLE_EXECUTABLE_FOLDER_PATH)/color";
			};
			name = Release;
		};
		C1E9CB4F2F13393A0033CF58 /* Debug */ = {
			isa = XCBuildConfiguration;
			buildSettings = {
				ALWAYS_EMBED_SWIFT_STANDARD_LIBRARIES = YES;
				CODE_SIGN_STYLE = Automatic;
				CURRENT_PROJECT_VERSION = 1;
				GENERATE_INFOPLIST_FILE = YES;
				MARKETING_VERSION = 1.0;
				PRODUCT_BUNDLE_IDENTIFIER = com.primortex.colorUITests;
				PRODUCT_NAME = "$(TARGET_NAME)";
				SWIFT_EMIT_LOC_STRINGS = NO;
				SWIFT_VERSION = 5.0;
				TARGETED_DEVICE_FAMILY = "1,2";
				TEST_TARGET_NAME = color;
			};
			name = Debug;
		};
		C1E9CB502F13393A0033CF58 /* Release */ = {
			isa = XCBuildConfiguration;
			buildSettings = {
				ALWAYS_EMBED_SWIFT_STANDARD_LIBRARIES = YES;
				CODE_SIGN_STYLE = Automatic;
				CURRENT_PROJECT_VERSION = 1;
				GENERATE_INFOPLIST_FILE = YES;
				MARKETING_VERSION = 1.0;
				PRODUCT_BUNDLE_IDENTIFIER = com.primortex.colorUITests;
				PRODUCT_NAME = "$(TARGET_NAME)";
				SWIFT_EMIT_LOC_STRINGS = NO;
				SWIFT_VERSION = 5.0;
				TARGETED_DEVICE_FAMILY = "1,2";
				TEST_TARGET_NAME = color;
			};
			name = Release;
		};
/* End XCBuildConfiguration section */

/* Begin XCConfigurationList section */
		C1E9CB1F2F1339340033CF58 /* Build configuration list for PBXProject "color" */ = {
			isa = XCConfigurationList;
			buildConfigurations = (
				C1E9CB462F13393A0033CF58 /* Debug */,
				C1E9CB472F13393A0033CF58 /* Release */,
			);
			defaultConfigurationIsVisible = 0;
			defaultConfigurationName = Release;
		};
		C1E9CB482F13393A0033CF58 /* Build configuration list for PBXNativeTarget "color" */ = {
			isa = XCConfigurationList;
			buildConfigurations = (
				C1E9CB492F13393A0033CF58 /* Debug */,
				C1E9CB4A2F13393A0033CF58 /* Release */,
			);
			defaultConfigurationIsVisible = 0;
			defaultConfigurationName = Release;
		};
		C1E9CB4B2F13393A0033CF58 /* Build configuration list for PBXNativeTarget "colorTests" */ = {
			isa = XCConfigurationList;
			buildConfigurations = (
				C1E9CB4C2F13393A0033CF58 /* Debug */,
				C1E9CB4D2F13393A0033CF58 /* Release */,
			);
			defaultConfigurationIsVisible = 0;
			defaultConfigurationName = Release;
		};
		C1E9CB4E2F13393A0033CF58 /* Build configuration list for PBXNativeTarget "colorUITests" */ = {
			isa = XCConfigurationList;
			buildConfigurations = (
				C1E9CB4F2F13393A0033CF58 /* Debug */,
				C1E9CB502F13393A0033CF58 /* Release */,
			);
			defaultConfigurationIsVisible = 0;
			defaultConfigurationName = Release;
		};
/* End XCConfigurationList section */
	};
	rootObject = C1E9CB1C2F1339340033CF58 /* Project object */;
}
